
Microsoft Visual Studio Solution File, Format Version 12.00
# Visual Studio Version 17
VisualStudioVersion = 17.7.34003.232
MinimumVisualStudioVersion = 10.0.40219.1
Project("{FAE04EC0-301F-11D3-BF4B-00C04F79EFBC}") = "MiprimerPrograma", "MiprimerPrograma.csproj", "{3CC3E446-6A7F-4B62-A039-561693D5CA8F}"
EndProject
Global
	GlobalSection(SolutionConfigurationPlatforms) = preSolution
		Debug|Any CPU = Debug|Any CPU
		Release|Any CPU = Release|Any CPU
	EndGlobalSection
	GlobalSection(ProjectConfigurationPlatforms) = postSolution
		{3CC3E446-6A7F-4B62-A039-561693D5CA8F}.Debug|Any CPU.ActiveCfg = Debug|Any CPU
		{3CC3E446-6A7F-4B62-A039-561693D5CA8F}.Debug|Any CPU.Build.0 = Debug|Any CPU
		{3CC3E446-6A7F-4B62-A039-561693D5CA8F}.Release|Any CPU.ActiveCfg = Release|Any CPU
		{3CC3E446-6A7F-4B62-A039-561693D5CA8F}.Release|Any CPU.Build.0 = Release|Any CPU
	EndGlobalSection
	GlobalSection(SolutionProperties) = preSolution
		HideSolutionNode = FALSE
	EndGlobalSection
	GlobalSection(ExtensibilityGlobals) = postSolution
		SolutionGuid = {AE5D89A8-3697-42FF-A3F9-0CAA83194943}
	EndGlobalSection
EndGlobal
